
Microsoft Visual Studio Solution File, Format Version 12.00
# Visual Studio Version 17
VisualStudioVersion = 17.7.34009.444
MinimumVisualStudioVersion = 10.0.40219.1
Project("{8BC9CEB8-8B4A-11D0-8D11-00A0C91BC942}") = "VisualLibrary", "VisualLibrary\VisualLibrary.vcxproj", "{1D2095CE-B86D-4543-A19D-9F261DE7AB54}"
EndProject
Project("{8BC9CEB8-8B4A-11D0-8D11-00A0C91BC942}") = "Demo", "Demo\Demo.vcxproj", "{CFD98E73-AFBF-4799-90EE-7924C176BD4E}"
	ProjectSection(ProjectDependencies) = postProject
		{1D2095CE-B86D-4543-A19D-9F261DE7AB54} = {1D2095CE-B86D-4543-A19D-9F261DE7AB54}
	EndProjectSection
EndProject
Global
	GlobalSection(SolutionConfigurationPlatforms) = preSolution
		Debug|Any CPU = Debug|Any CPU
		Debug|x64 = Debug|x64
		Release|Any CPU = Release|Any CPU
		Release|x64 = Release|x64
	EndGlobalSection
	GlobalSection(ProjectConfigurationPlatforms) = postSolution
		{1D2095CE-B86D-4543-A19D-9F261DE7AB54}.Debug|Any CPU.ActiveCfg = Debug|x64
		{1D2095CE-B86D-4543-A19D-9F261DE7AB54}.Debug|Any CPU.Build.0 = Debug|x64
		{1D2095CE-B86D-4543-A19D-9F261DE7AB54}.Debug|x64.ActiveCfg = Debug|x64
		{1D2095CE-B86D-4543-A19D-9F261DE7AB54}.Debug|x64.Build.0 = Debug|x64
		{1D2095CE-B86D-4543-A19D-9F261DE7AB54}.Release|Any CPU.ActiveCfg = Release|x64
		{1D2095CE-B86D-4543-A19D-9F261DE7AB54}.Release|Any CPU.Build.0 = Release|x64
		{1D2095CE-B86D-4543-A19D-9F261DE7AB54}.Release|x64.ActiveCfg = Release|x64
		{1D2095CE-B86D-4543-A19D-9F261DE7AB54}.Release|x64.Build.0 = Release|x64
		{CFD98E73-AFBF-4799-90EE-7924C176BD4E}.Debug|Any CPU.ActiveCfg = Debug|x64
		{CFD98E73-AFBF-4799-90EE-7924C176BD4E}.Debug|Any CPU.Build.0 = Debug|x64
		{CFD98E73-AFBF-4799-90EE-7924C176BD4E}.Debug|x64.ActiveCfg = Debug|x64
		{CFD98E73-AFBF-4799-90EE-7924C176BD4E}.Debug|x64.Build.0 = Debug|x64
		{CFD98E73-AFBF-4799-90EE-7924C176BD4E}.Release|Any CPU.ActiveCfg = Release|x64
		{CFD98E73-AFBF-4799-90EE-7924C176BD4E}.Release|Any CPU.Build.0 = Release|x64
		{CFD98E73-AFBF-4799-90EE-7924C176BD4E}.Release|x64.ActiveCfg = Release|x64
		{CFD98E73-AFBF-4799-90EE-7924C176BD4E}.Release|x64.Build.0 = Release|x64
	EndGlobalSection
	GlobalSection(SolutionProperties) = preSolution
		HideSolutionNode = FALSE
	EndGlobalSection
	GlobalSection(ExtensibilityGlobals) = postSolution
		SolutionGuid = {DDE9286F-FFB6-4E63-9051-CB37D20D7388}
	EndGlobalSection
EndGlobal
